
Microsoft Visual Studio Solution File, Format Version 12.00
# Visual Studio Version 16
VisualStudioVersion = 16.0.29920.165
MinimumVisualStudioVersion = 10.0.40219.1
Project("{FAE04EC0-301F-11D3-BF4B-00C04F79EFBC}") = "FlightSimulator", "FlightSimulator.csproj", "{9D76BCFE-73FD-485A-80D2-F9433687D599}"
EndProject
Global
	GlobalSection(SolutionConfigurationPlatforms) = preSolution
		Debug|Any CPU = Debug|Any CPU
		Release|Any CPU = Release|Any CPU
	EndGlobalSection
	GlobalSection(ProjectConfigurationPlatforms) = postSolution
		{9D76BCFE-73FD-485A-80D2-F9433687D599}.Debug|Any CPU.ActiveCfg = Debug|Any CPU
		{9D76BCFE-73FD-485A-80D2-F9433687D599}.Debug|Any CPU.Build.0 = Debug|Any CPU
		{9D76BCFE-73FD-485A-80D2-F9433687D599}.Release|Any CPU.ActiveCfg = Release|Any CPU
		{9D76BCFE-73FD-485A-80D2-F9433687D599}.Release|Any CPU.Build.0 = Release|Any CPU
	EndGlobalSection
	GlobalSection(SolutionProperties) = preSolution
		HideSolutionNode = FALSE
	EndGlobalSection
	GlobalSection(ExtensibilityGlobals) = postSolution
		SolutionGuid = {9B0FC96D-631A-41E3-B3D0-2C90D32914A5}
	EndGlobalSection
EndGlobal
